github.com/BurntSushi/toml v1.4.0 h1:kuoIxZQy2WRRk1pttg9asf+WVv6tWQuBNVmK8+nqPr0=
github.com/BurntSushi/toml v1.4.0/go.mod h1:ukJfTF/6rtPPRCnwkur4qwRxa8vTRFBF0uk2lLoLwho=
github.com/mt1976/frantic-plum v0.0.5 h1:RLSY/UP1a3+r4qnhQJ2wwIPOZMpyBbzrR2UGH2kAGhk=
github.com/mt1976/frantic-plum v0.0.5/go.mod h1:0aZ8YOrZ0YfjMdOwevB8zI8+lFLd+5zQGIafiu5Fh/k=
github.com/mt1976/frantic-plum v0.0.6 h1:6umLOfFRdysKqofGKQOVEyDuFOwGPVQH5s4R7lgmnFo=
github.com/mt1976/frantic-plum v0.0.6/go.mod h1:0aZ8YOrZ0YfjMdOwevB8zI8+lFLd+5zQGIafiu5Fh/k=
github.com/mt1976/frantic-plum v0.0.7 h1:OY+wlu2wuWGHjEgSfHCWgGwrJDpXr2/WJwSk0gLQW9o=
github.com/mt1976/frantic-plum v0.0.7/go.mod h1:0aZ8YOrZ0YfjMdOwevB8zI8+lFLd+5zQGIafiu5Fh/k=
github.com/mt1976/frantic-plum v0.0.9 h1:TRYjbdcK5afx8d5LwOwDq4nI9YCPuhGNZt7A5zbdrE8=
github.com/mt1976/frantic-plum v0.0.9/go.mod h1:0aZ8YOrZ0YfjMdOwevB8zI8+lFLd+5zQGIafiu5Fh/k=
github.com/segmentio/ksuid v1.0.4 h1:sBo2BdShXjmcugAMwjugoGUdUV0pcxY5mW4xKRn3v4c=
github.com/segmentio/ksuid v1.0.4/go.mod h1:/XUiZBD3kVx5SmUOl55voK5yeAbBNNIed+2O73XgrPE=
golang.org/x/exp v0.0.0-20250106191152-7588d65b2ba8 h1:yqrTHse8TCMW1M1ZCP+VAR/l0kKxwaAIqN/il7x4voA=
golang.org/x/exp v0.0.0-20250106191152-7588d65b2ba8/go.mod h1:tujkw807nyEEAamNbDrEGzRav+ilXA7PCRAd6xsmwiU=
golang.org/x/exp v0.0.0-20250128182459-e0ece0dbea4c h1:KL/ZBHXgKGVmuZBZ01Lt57yE5ws8ZPSkkihmEyq7FXc=
golang.org/x/exp v0.0.0-20250128182459-e0ece0dbea4c/go.mod h1:tujkw807nyEEAamNbDrEGzRav+ilXA7PCRAd6xsmwiU=
gopkg.in/natefinch/lumberjack.v2 v2.2.1 h1:bBRl1b0OH9s/DuPhuXpNl+VtCaJXFZ5/uEFST95x9zc=
gopkg.in/natefinch/lumberjack.v2 v2.2.1/go.mod h1:YD8tP3GAjkrDg1eZH7EGmyESg/lsYskCTPBJVb9jqSc=
